
Microsoft Visual Studio Solution File, Format Version 12.00
# Visual Studio 15
VisualStudioVersion = 15.0.27004.2002
MinimumVisualStudioVersion = 10.0.40219.1
Project("{FAE04EC0-301F-11D3-BF4B-00C04F79EFBC}") = "APITester.WebAPI", "APITester.WebAPI\APITester.WebAPI.csproj", "{0AE0AC48-AFF2-4303-B325-D515EBFB7498}"
EndProject
Project("{FAE04EC0-301F-11D3-BF4B-00C04F79EFBC}") = "APITester.DataAccess", "APITester.DataAccess\APITester.DataAccess.csproj", "{2FFACF02-F96A-4A89-9EF6-31FD65628106}"
EndProject
Project("{FAE04EC0-301F-11D3-BF4B-00C04F79EFBC}") = "APITester.Business", "APITester.Business\APITester.Business.csproj", "{CDF36B5B-0CCF-4EB6-BE21-7698A61B235F}"
EndProject
Global
	GlobalSection(SolutionConfigurationPlatforms) = preSolution
		Debug|Any CPU = Debug|Any CPU
		Release|Any CPU = Release|Any CPU
	EndGlobalSection
	GlobalSection(ProjectConfigurationPlatforms) = postSolution
		{0AE0AC48-AFF2-4303-B325-D515EBFB7498}.Debug|Any CPU.ActiveCfg = Debug|Any CPU
		{0AE0AC48-AFF2-4303-B325-D515EBFB7498}.Debug|Any CPU.Build.0 = Debug|Any CPU
		{0AE0AC48-AFF2-4303-B325-D515EBFB7498}.Release|Any CPU.ActiveCfg = Release|Any CPU
		{0AE0AC48-AFF2-4303-B325-D515EBFB7498}.Release|Any CPU.Build.0 = Release|Any CPU
		{2FFACF02-F96A-4A89-9EF6-31FD65628106}.Debug|Any CPU.ActiveCfg = Debug|Any CPU
		{2FFACF02-F96A-4A89-9EF6-31FD65628106}.Debug|Any CPU.Build.0 = Debug|Any CPU
		{2FFACF02-F96A-4A89-9EF6-31FD65628106}.Release|Any CPU.ActiveCfg = Release|Any CPU
		{2FFACF02-F96A-4A89-9EF6-31FD65628106}.Release|Any CPU.Build.0 = Release|Any CPU
		{CDF36B5B-0CCF-4EB6-BE21-7698A61B235F}.Debug|Any CPU.ActiveCfg = Debug|Any CPU
		{CDF36B5B-0CCF-4EB6-BE21-7698A61B235F}.Debug|Any CPU.Build.0 = Debug|Any CPU
		{CDF36B5B-0CCF-4EB6-BE21-7698A61B235F}.Release|Any CPU.ActiveCfg = Release|Any CPU
		{CDF36B5B-0CCF-4EB6-BE21-7698A61B235F}.Release|Any CPU.Build.0 = Release|Any CPU
	EndGlobalSection
	GlobalSection(SolutionProperties) = preSolution
		HideSolutionNode = FALSE
	EndGlobalSection
	GlobalSection(ExtensibilityGlobals) = postSolution
		SolutionGuid = {9407921E-38E9-46B8-A74D-FC9313ED4045}
	EndGlobalSection
EndGlobal
